
Microsoft Visual Studio Solution File, Format Version 12.00
# Visual Studio Version 17
VisualStudioVersion = 17.12.35707.178 d17.12
MinimumVisualStudioVersion = 10.0.40219.1
Project("{FAE04EC0-301F-11D3-BF4B-00C04F79EFBC}") = "C#EgitimKampi501", "C#EgitimKampi501\C#EgitimKampi501.csproj", "{DF7FC62E-061D-41C1-91C5-D786D9552FFD}"
EndProject
Global
	GlobalSection(SolutionConfigurationPlatforms) = preSolution
		Debug|Any CPU = Debug|Any CPU
		Release|Any CPU = Release|Any CPU
	EndGlobalSection
	GlobalSection(ProjectConfigurationPlatforms) = postSolution
		{DF7FC62E-061D-41C1-91C5-D786D9552FFD}.Debug|Any CPU.ActiveCfg = Debug|Any CPU
		{DF7FC62E-061D-41C1-91C5-D786D9552FFD}.Debug|Any CPU.Build.0 = Debug|Any CPU
		{DF7FC62E-061D-41C1-91C5-D786D9552FFD}.Release|Any CPU.ActiveCfg = Release|Any CPU
		{DF7FC62E-061D-41C1-91C5-D786D9552FFD}.Release|Any CPU.Build.0 = Release|Any CPU
	EndGlobalSection
	GlobalSection(SolutionProperties) = preSolution
		HideSolutionNode = FALSE
	EndGlobalSection
EndGlobal
